
Microsoft Visual Studio Solution File, Format Version 12.00
# Visual Studio Version 17
VisualStudioVersion = 17.0.32112.339
MinimumVisualStudioVersion = 10.0.40219.1
Project("{FAE04EC0-301F-11D3-BF4B-00C04F79EFBC}") = "Reservoom", "Reservoom\Reservoom.csproj", "{E3655B75-8396-4D47-BECC-9CD5B0A15687}"
EndProject
Global
	GlobalSection(SolutionConfigurationPlatforms) = preSolution
		Debug|Any CPU = Debug|Any CPU
		Release|Any CPU = Release|Any CPU
	EndGlobalSection
	GlobalSection(ProjectConfigurationPlatforms) = postSolution
		{E3655B75-8396-4D47-BECC-9CD5B0A15687}.Debug|Any CPU.ActiveCfg = Debug|Any CPU
		{E3655B75-8396-4D47-BECC-9CD5B0A15687}.Debug|Any CPU.Build.0 = Debug|Any CPU
		{E3655B75-8396-4D47-BECC-9CD5B0A15687}.Release|Any CPU.ActiveCfg = Release|Any CPU
		{E3655B75-8396-4D47-BECC-9CD5B0A15687}.Release|Any CPU.Build.0 = Release|Any CPU
	EndGlobalSection
	GlobalSection(SolutionProperties) = preSolution
		HideSolutionNode = FALSE
	EndGlobalSection
	GlobalSection(ExtensibilityGlobals) = postSolution
		SolutionGuid = {5CA35971-A7A6-4BBA-8B3D-9F53AC807B9C}
	EndGlobalSection
EndGlobal
